version = 1
revision = 3
requires-python = "==3.11.*"
resolution-markers = [
    "sys_platform == 'win32'",
]
supported-markers = [
    "sys_platform == 'win32'",
]

[[package]]
name = "certifi"
version = "2025.8.3"
source = { registry = "https://pypi.org/simple" }
sdist = { url = "https://files.pythonhosted.org/packages/dc/67/960ebe6bf230a96cda2e0abcf73af550ec4f090005363542f0765df162e0/certifi-2025.8.3.tar.gz", hash = "sha256:e564105f78ded564e3ae7c923924435e1daa7463faeab5bb932bc53ffae63407", size = 162386, upload-time = "2025-08-03T03:07:47.08Z" }
wheels = [
    { url = "https://files.pythonhosted.org/packages/e5/48/1549795ba7742c948d2ad169c1c8cdbae65bc450d6cd753d124b17c8cd32/certifi-2025.8.3-py3-none-any.whl", hash = "sha256:f6c12493cfb1b06ba2ff328595af9350c65d6644968e5d3a2ffd78699af217a5", size = 161216, upload-time = "2025-08-03T03:07:45.777Z" },
]

[[package]]
name = "charset-normalizer"
version = "3.4.3"
source = { registry = "https://pypi.org/simple" }
sdist = { url = "https://files.pythonhosted.org/packages/83/2d/5fd176ceb9b2fc619e63405525573493ca23441330fcdaee6bef9460e924/charset_normalizer-3.4.3.tar.gz", hash = "sha256:6fce4b8500244f6fcb71465d4a4930d132ba9ab8e71a7859e6a5d59851068d14", size = 122371, upload-time = "2025-08-09T07:57:28.46Z" }
wheels = [
    { url = "https://files.pythonhosted.org/packages/64/d4/9eb4ff2c167edbbf08cdd28e19078bf195762e9bd63371689cab5ecd3d0d/charset_normalizer-3.4.3-cp311-cp311-win32.whl", hash = "sha256:6cf8fd4c04756b6b60146d98cd8a77d0cdae0e1ca20329da2ac85eed779b6849", size = 99616, upload-time = "2025-08-09T07:56:05.658Z" },
    { url = "https://files.pythonhosted.org/packages/f4/9c/996a4a028222e7761a96634d1820de8a744ff4327a00ada9c8942033089b/charset_normalizer-3.4.3-cp311-cp311-win_amd64.whl", hash = "sha256:31a9a6f775f9bcd865d88ee350f0ffb0e25936a7f930ca98995c05abf1faf21c", size = 107108, upload-time = "2025-08-09T07:56:07.176Z" },
    { url = "https://files.pythonhosted.org/packages/8a/1f/f041989e93b001bc4e44bb1669ccdcf54d3f00e628229a85b08d330615c5/charset_normalizer-3.4.3-py3-none-any.whl", hash = "sha256:ce571ab16d890d23b5c278547ba694193a45011ff86a9162a71307ed9f86759a", size = 53175, upload-time = "2025-08-09T07:57:26.864Z" },
]

[[package]]
name = "colorama"
version = "0.4.6"
source = { registry = "https://pypi.org/simple" }
sdist = { url = "https://files.pythonhosted.org/packages/d8/53/6f443c9a4a8358a93a6792e2acffb9d9d5cb0a5cfd8802644b7b1c9a02e4/colorama-0.4.6.tar.gz", hash = "sha256:08695f5cb7ed6e0531a20572697297273c47b8cae5a63ffc6d6ed5c201be6e44", size = 27697, upload-time = "2022-10-25T02:36:22.414Z" }
wheels = [
    { url = "https://files.pythonhosted.org/packages/d1/d6/3965ed04c63042e047cb6a3e6ed1a63a35087b6a609aa3a15ed8ac56c221/colorama-0.4.6-py2.py3-none-any.whl", hash = "sha256:4f1d9991f5acc0ca119f9d443620b77f9d6b33703e51011c16baf57afb285fc6", size = 25335, upload-time = "2022-10-25T02:36:20.889Z" },
]

[[package]]
name = "contourpy"
version = "1.3.3"
source = { registry = "https://pypi.org/simple" }
dependencies = [
    { name = "numpy", marker = "sys_platform == 'win32'" },
]
sdist = { url = "https://files.pythonhosted.org/packages/58/01/1253e6698a07380cd31a736d248a3f2a50a7c88779a1813da27503cadc2a/contourpy-1.3.3.tar.gz", hash = "sha256:083e12155b210502d0bca491432bb04d56dc3432f95a979b429f2848c3dbe880", size = 13466174, upload-time = "2025-07-26T12:03:12.549Z" }
wheels = [
    { url = "https://files.pythonhosted.org/packages/75/3e/f2cc6cd56dc8cff46b1a56232eabc6feea52720083ea71ab15523daab796/contourpy-1.3.3-cp311-cp311-win32.whl", hash = "sha256:fd907ae12cd483cd83e414b12941c632a969171bf90fc937d0c9f268a31cafff", size = 183677, upload-time = "2025-07-26T12:01:17.088Z" },
    { url = "https://files.pythonhosted.org/packages/98/4b/9bd370b004b5c9d8045c6c33cf65bae018b27aca550a3f657cdc99acdbd8/contourpy-1.3.3-cp311-cp311-win_amd64.whl", hash = "sha256:3519428f6be58431c56581f1694ba8e50626f2dd550af225f82fb5f5814d2a42", size = 225234, upload-time = "2025-07-26T12:01:18.256Z" },
    { url = "https://files.pythonhosted.org/packages/d9/b6/71771e02c2e004450c12b1120a5f488cad2e4d5b590b1af8bad060360fe4/contourpy-1.3.3-cp311-cp311-win_arm64.whl", hash = "sha256:15ff10bfada4bf92ec8b31c62bf7c1834c244019b4a33095a68000d7075df470", size = 193123, upload-time = "2025-07-26T12:01:19.848Z" },
    { url = "https://files.pythonhosted.org/packages/0c/58/bd257695f39d05594ca4ad60df5bcb7e32247f9951fd09a9b8edb82d1daa/contourpy-1.3.3-pp311-pypy311_pp73-win_amd64.whl", hash = "sha256:3d1a3799d62d45c18bafd41c5fa05120b96a28079f2393af559b843d1a966a77", size = 225315, upload-time = "2025-07-26T12:02:58.801Z" },
]

[[package]]
name = "cycler"
version = "0.12.1"
source = { registry = "https://pypi.org/simple" }
sdist = { url = "https://files.pythonhosted.org/packages/a9/95/a3dbbb5028f35eafb79008e7522a75244477d2838f38cbb722248dabc2a8/cycler-0.12.1.tar.gz", hash = "sha256:88bb128f02ba341da8ef447245a9e138fae777f6a23943da4540077d3601eb1c", size = 7615, upload-time = "2023-10-07T05:32:18.335Z" }
wheels = [
    { url = "https://files.pythonhosted.org/packages/e7/05/c19819d5e3d95294a6f5947fb9b9629efb316b96de511b418c53d245aae6/cycler-0.12.1-py3-none-any.whl", hash = "sha256:85cef7cff222d8644161529808465972e51340599459b8ac3ccbac5a854e0d30", size = 8321, upload-time = "2023-10-07T05:32:16.783Z" },
]

[[package]]
name = "cython"
version = "3.1.2"
source = { registry = "https://pypi.org/simple" }
sdist = { url = "https://files.pythonhosted.org/packages/18/40/7b17cd866158238db704965da1b5849af261dbad393ea3ac966f934b2d39/cython-3.1.2.tar.gz", hash = "sha256:6bbf7a953fa6762dfecdec015e3b054ba51c0121a45ad851fa130f63f5331381", size = 3184825, upload-time = "2025-06-09T07:08:48.465Z" }
wheels = [
    { url = "https://files.pythonhosted.org/packages/9b/b8/280eed114110a1a3aa9e2e76bcd06cdd5ef0df7ab77c0be9d5378ca28c57/cython-3.1.2-cp311-cp311-win32.whl", hash = "sha256:3d439d9b19e7e70f6ff745602906d282a853dd5219d8e7abbf355de680c9d120", size = 2482942, upload-time = "2025-06-09T07:09:46.583Z" },
    { url = "https://files.pythonhosted.org/packages/a2/50/0aa65be5a4ab65bde3224b8fd23ed795f699d1e724ac109bb0a32036b82d/cython-3.1.2-cp311-cp311-win_amd64.whl", hash = "sha256:8efa44ee2f1876e40eb5e45f6513a19758077c56bf140623ccab43d31f873b61", size = 2686535, upload-time = "2025-06-09T07:09:48.345Z" },
    { url = "https://files.pythonhosted.org/packages/25/d6/ef8557d5e75cc57d55df579af4976935ee111a85bbee4a5b72354e257066/cython-3.1.2-py3-none-any.whl", hash = "sha256:d23fd7ffd7457205f08571a42b108a3cf993e83a59fe4d72b42e6fc592cf2639", size = 1224753, upload-time = "2025-06-09T07:08:44.849Z" },
]

[[package]]
name = "filelock"
version = "3.18.0"
source = { registry = "https://pypi.org/simple" }
sdist = { url = "https://files.pythonhosted.org/packages/0a/10/c23352565a6544bdc5353e0b15fc1c563352101f30e24bf500207a54df9a/filelock-3.18.0.tar.gz", hash = "sha256:adbc88eabb99d2fec8c9c1b229b171f18afa655400173ddc653d5d01501fb9f2", size = 18075, upload-time = "2025-03-14T07:11:40.47Z" }
wheels = [
    { url = "https://files.pythonhosted.org/packages/4d/36/2a115987e2d8c300a974597416d9de88f2444426de9571f4b59b2cca3acc/filelock-3.18.0-py3-none-any.whl", hash = "sha256:c401f4f8377c4464e6db25fff06205fd89bdd83b65eb0488ed1b160f780e21de", size = 16215, upload-time = "2025-03-14T07:11:39.145Z" },
]

[[package]]
name = "fonttools"
version = "4.59.0"
source = { registry = "https://pypi.org/simple" }
sdist = { url = "https://files.pythonhosted.org/packages/8a/27/ec3c723bfdf86f34c5c82bf6305df3e0f0d8ea798d2d3a7cb0c0a866d286/fonttools-4.59.0.tar.gz", hash = "sha256:be392ec3529e2f57faa28709d60723a763904f71a2b63aabe14fee6648fe3b14", size = 3532521, upload-time = "2025-07-16T12:04:54.613Z" }
wheels = [
    { url = "https://files.pythonhosted.org/packages/09/77/ca82b9c12fa4de3c520b7760ee61787640cf3fde55ef1b0bfe1de38c8153/fonttools-4.59.0-cp311-cp311-win32.whl", hash = "sha256:6770d7da00f358183d8fd5c4615436189e4f683bdb6affb02cad3d221d7bb757", size = 2214216, upload-time = "2025-07-16T12:04:03.515Z" },
    { url = "https://files.pythonhosted.org/packages/ab/25/5aa7ca24b560b2f00f260acf32c4cf29d7aaf8656e159a336111c18bc345/fonttools-4.59.0-cp311-cp311-win_amd64.whl", hash = "sha256:84fc186980231a287b28560d3123bd255d3c6b6659828c642b4cf961e2b923d0", size = 2261879, upload-time = "2025-07-16T12:04:05.015Z" },
    { url = "https://files.pythonhosted.org/packages/d0/9c/df0ef2c51845a13043e5088f7bb988ca6cd5bb82d5d4203d6a158aa58cf2/fonttools-4.59.0-py3-none-any.whl", hash = "sha256:241313683afd3baacb32a6bd124d0bce7404bc5280e12e291bae1b9bba28711d", size = 1128050, upload-time = "2025-07-16T12:04:52.687Z" },
]

[[package]]
name = "fsspec"
version = "2025.7.0"
source = { registry = "https://pypi.org/simple" }
sdist = { url = "https://files.pythonhosted.org/packages/8b/02/0835e6ab9cfc03916fe3f78c0956cfcdb6ff2669ffa6651065d5ebf7fc98/fsspec-2025.7.0.tar.gz", hash = "sha256:786120687ffa54b8283d942929540d8bc5ccfa820deb555a2b5d0ed2b737bf58", size = 304432, upload-time = "2025-07-15T16:05:21.19Z" }
wheels = [
    { url = "https://files.pythonhosted.org/packages/2f/e0/014d5d9d7a4564cf1c40b5039bc882db69fd881111e03ab3657ac0b218e2/fsspec-2025.7.0-py3-none-any.whl", hash = "sha256:8b012e39f63c7d5f10474de957f3ab793b47b45ae7d39f2fb735f8bbe25c0e21", size = 199597, upload-time = "2025-07-15T16:05:19.529Z" },
]

[[package]]
name = "idna"
version = "3.10"
source = { registry = "https://pypi.org/simple" }
sdist = { url = "https://files.pythonhosted.org/packages/f1/70/7703c29685631f5a7590aa73f1f1d3fa9a380e654b86af429e0934a32f7d/idna-3.10.tar.gz", hash = "sha256:12f65c9b470abda6dc35cf8e63cc574b1c52b11df2c86030af0ac09b01b13ea9", size = 190490, upload-time = "2024-09-15T18:07:39.745Z" }
wheels = [
    { url = "https://files.pythonhosted.org/packages/76/c6/c88e154df9c4e1a2a66ccf0005a88dfb2650c1dffb6f5ce603dfbd452ce3/idna-3.10-py3-none-any.whl", hash = "sha256:946d195a0d259cbba61165e88e65941f16e9b36ea6ddb97f00452bae8b1287d3", size = 70442, upload-time = "2024-09-15T18:07:37.964Z" },
]

[[package]]
name = "jinja2"
version = "3.1.6"
source = { registry = "https://pypi.org/simple" }
dependencies = [
    { name = "markupsafe", marker = "sys_platform == 'win32'" },
]
sdist = { url = "https://files.pythonhosted.org/packages/df/bf/f7da0350254c0ed7c72f3e33cef02e048281fec7ecec5f032d4aac52226b/jinja2-3.1.6.tar.gz", hash = "sha256:0137fb05990d35f1275a587e9aee6d56da821fc83491a0fb838183be43f66d6d", size = 245115, upload-time = "2025-03-05T20:05:02.478Z" }
wheels = [
    { url = "https://files.pythonhosted.org/packages/62/a1/3d680cbfd5f4b8f15abc1d571870c5fc3e594bb582bc3b64ea099db13e56/jinja2-3.1.6-py3-none-any.whl", hash = "sha256:85ece4451f492d0c13c5dd7c13a64681a86afae63a5f347908daf103ce6d2f67", size = 134899, upload-time = "2025-03-05T20:05:00.369Z" },
]

[[package]]
name = "kiwisolver"
version = "1.4.9"
source = { registry = "https://pypi.org/simple" }
sdist = { url = "https://files.pythonhosted.org/packages/5c/3c/85844f1b0feb11ee581ac23fe5fce65cd049a200c1446708cc1b7f922875/kiwisolver-1.4.9.tar.gz", hash = "sha256:c3b22c26c6fd6811b0ae8363b95ca8ce4ea3c202d3d0975b2914310ceb1bcc4d", size = 97564, upload-time = "2025-08-10T21:27:49.279Z" }
wheels = [
    { url = "https://files.pythonhosted.org/packages/3b/c6/f8df8509fd1eee6c622febe54384a96cfaf4d43bf2ccec7a0cc17e4715c9/kiwisolver-1.4.9-cp311-cp311-win_amd64.whl", hash = "sha256:be6a04e6c79819c9a8c2373317d19a96048e5a3f90bec587787e86a1153883c2", size = 73840, upload-time = "2025-08-10T21:26:07.94Z" },
    { url = "https://files.pythonhosted.org/packages/e2/2d/16e0581daafd147bc11ac53f032a2b45eabac897f42a338d0a13c1e5c436/kiwisolver-1.4.9-cp311-cp311-win_arm64.whl", hash = "sha256:0ae37737256ba2de764ddc12aed4956460277f00c4996d51a197e72f62f5eec7", size = 65159, upload-time = "2025-08-10T21:26:09.048Z" },
    { url = "https://files.pythonhosted.org/packages/da/e9/0d4add7873a73e462aeb45c036a2dead2562b825aa46ba326727b3f31016/kiwisolver-1.4.9-pp311-pypy311_pp73-win_amd64.whl", hash = "sha256:fb940820c63a9590d31d88b815e7a3aa5915cad3ce735ab45f0c730b39547de1", size = 73929, upload-time = "2025-08-10T21:27:48.236Z" },
]

[[package]]
name = "markupsafe"
version = "3.0.2"
source = { registry = "https://pypi.org/simple" }
sdist = { url = "https://files.pythonhosted.org/packages/b2/97/5d42485e71dfc078108a86d6de8fa46db44a1a9295e89c5d6d4a06e23a62/markupsafe-3.0.2.tar.gz", hash = "sha256:ee55d3edf80167e48ea11a923c7386f4669df67d7994554387f84e7d8b0a2bf0", size = 20537, upload-time = "2024-10-18T15:21:54.129Z" }
wheels = [
    { url = "https://files.pythonhosted.org/packages/9a/34/a15aa69f01e2181ed8d2b685c0d2f6655d5cca2c4db0ddea775e631918cd/MarkupSafe-3.0.2-cp311-cp311-win32.whl", hash = "sha256:6c89876f41da747c8d3677a2b540fb32ef5715f97b66eeb0c6b66f5e3ef6f59d", size = 15094, upload-time = "2024-10-18T15:21:11.005Z" },
    { url = "https://files.pythonhosted.org/packages/da/b8/3a3bd761922d416f3dc5d00bfbed11f66b1ab89a0c2b6e887240a30b0f6b/MarkupSafe-3.0.2-cp311-cp311-win_amd64.whl", hash = "sha256:70a87b411535ccad5ef2f1df5136506a10775d267e197e4cf531ced10537bd6b", size = 15521, upload-time = "2024-10-18T15:21:12.911Z" },
]

[[package]]
name = "matplotlib"
version = "3.10.5"
source = { registry = "https://pypi.org/simple" }
dependencies = [
    { name = "contourpy", marker = "sys_platform == 'win32'" },
    { name = "cycler", marker = "sys_platform == 'win32'" },
    { name = "fonttools", marker = "sys_platform == 'win32'" },
    { name = "kiwisolver", marker = "sys_platform == 'win32'" },
    { name = "numpy", marker = "sys_platform == 'win32'" },
    { name = "packaging", marker = "sys_platform == 'win32'" },
    { name = "pillow", marker = "sys_platform == 'win32'" },
    { name = "pyparsing", marker = "sys_platform == 'win32'" },
    { name = "python-dateutil", marker = "sys_platform == 'win32'" },
]
sdist = { url = "https://files.pythonhosted.org/packages/43/91/f2939bb60b7ebf12478b030e0d7f340247390f402b3b189616aad790c366/matplotlib-3.10.5.tar.gz", hash = "sha256:352ed6ccfb7998a00881692f38b4ca083c691d3e275b4145423704c34c909076", size = 34804044, upload-time = "2025-07-31T18:09:33.805Z" }
wheels = [
    { url = "https://files.pythonhosted.org/packages/b7/81/3200b792a5e8b354f31f4101ad7834743ad07b6d620259f2059317b25e4d/matplotlib-3.10.5-cp311-cp311-win_amd64.whl", hash = "sha256:33775bbeb75528555a15ac29396940128ef5613cf9a2d31fb1bfd18b3c0c0903", size = 8100634, upload-time = "2025-07-31T18:08:01.801Z" },
    { url = "https://files.pythonhosted.org/packages/52/46/a944f6f0c1f5476a0adfa501969d229ce5ae60cf9a663be0e70361381f89/matplotlib-3.10.5-cp311-cp311-win_arm64.whl", hash = "sha256:c61333a8e5e6240e73769d5826b9a31d8b22df76c0778f8480baf1b4b01c9420", size = 7978880, upload-time = "2025-07-31T18:08:03.407Z" },
]

[[package]]
name = "mpmath"
version = "1.3.0"
source = { registry = "https://pypi.org/simple" }
sdist = { url = "https://files.pythonhosted.org/packages/e0/47/dd32fa426cc72114383ac549964eecb20ecfd886d1e5ccf5340b55b02f57/mpmath-1.3.0.tar.gz", hash = "sha256:7a28eb2a9774d00c7bc92411c19a89209d5da7c4c9a9e227be8330a23a25b91f", size = 508106, upload-time = "2023-03-07T16:47:11.061Z" }
wheels = [
    { url = "https://files.pythonhosted.org/packages/43/e3/7d92a15f894aa0c9c4b49b8ee9ac9850d6e63b03c9c32c0367a13ae62209/mpmath-1.3.0-py3-none-any.whl", hash = "sha256:a0b2b9fe80bbcd81a6647ff13108738cfb482d481d826cc0e02f5b35e5c88d2c", size = 536198, upload-time = "2023-03-07T16:47:09.197Z" },
]

[[package]]
name = "networkx"
version = "3.5"
source = { registry = "https://pypi.org/simple" }
sdist = { url = "https://files.pythonhosted.org/packages/6c/4f/ccdb8ad3a38e583f214547fd2f7ff1fc160c43a75af88e6aec213404b96a/networkx-3.5.tar.gz", hash = "sha256:d4c6f9cf81f52d69230866796b82afbccdec3db7ae4fbd1b65ea750feed50037", size = 2471065, upload-time = "2025-05-29T11:35:07.804Z" }
wheels = [
    { url = "https://files.pythonhosted.org/packages/eb/8d/776adee7bbf76365fdd7f2552710282c79a4ead5d2a46408c9043a2b70ba/networkx-3.5-py3-none-any.whl", hash = "sha256:0030d386a9a06dee3565298b4a734b68589749a544acbb6c412dc9e2489ec6ec", size = 2034406, upload-time = "2025-05-29T11:35:04.961Z" },
]

[[package]]
name = "numpy"
version = "2.3.2"
source = { registry = "https://pypi.org/simple" }
sdist = { url = "https://files.pythonhosted.org/packages/37/7d/3fec4199c5ffb892bed55cff901e4f39a58c81df9c44c280499e92cad264/numpy-2.3.2.tar.gz", hash = "sha256:e0486a11ec30cdecb53f184d496d1c6a20786c81e55e41640270130056f8ee48", size = 20489306, upload-time = "2025-07-24T21:32:07.553Z" }
wheels = [
    { url = "https://files.pythonhosted.org/packages/a7/17/2cf60fd3e6a61d006778735edf67a222787a8c1a7842aed43ef96d777446/numpy-2.3.2-cp311-cp311-win32.whl", hash = "sha256:4ae6863868aaee2f57503c7a5052b3a2807cf7a3914475e637a0ecd366ced220", size = 6599494, upload-time = "2025-07-24T20:27:09.786Z" },
    { url = "https://files.pythonhosted.org/packages/d5/03/0eade211c504bda872a594f045f98ddcc6caef2b7c63610946845e304d3f/numpy-2.3.2-cp311-cp311-win_amd64.whl", hash = "sha256:240259d6564f1c65424bcd10f435145a7644a65a6811cfc3201c4a429ba79170", size = 13087889, upload-time = "2025-07-24T20:27:29.558Z" },
    { url = "https://files.pythonhosted.org/packages/13/32/2c7979d39dafb2a25087e12310fc7f3b9d3c7d960df4f4bc97955ae0ce1d/numpy-2.3.2-cp311-cp311-win_arm64.whl", hash = "sha256:4209f874d45f921bde2cff1ffcd8a3695f545ad2ffbef6d3d3c6768162efab89", size = 10459560, upload-time = "2025-07-24T20:27:46.803Z" },
    { url = "https://files.pythonhosted.org/packages/78/e3/6690b3f85a05506733c7e90b577e4762517404ea78bab2ca3a5cb1aeb78d/numpy-2.3.2-pp311-pypy311_pp73-win_amd64.whl", hash = "sha256:6936aff90dda378c09bea075af0d9c675fe3a977a9d2402f95a87f440f59f619", size = 12977811, upload-time = "2025-07-24T21:29:18.234Z" },
]

[[package]]
name = "opencv-python"
version = "4.11.0.86"
source = { registry = "https://pypi.org/simple" }
dependencies = [
    { name = "numpy", marker = "sys_platform == 'win32'" },
]
sdist = { url = "https://files.pythonhosted.org/packages/17/06/68c27a523103dad5837dc5b87e71285280c4f098c60e4fe8a8db6486ab09/opencv-python-4.11.0.86.tar.gz", hash = "sha256:03d60ccae62304860d232272e4a4fda93c39d595780cb40b161b310244b736a4", size = 95171956, upload-time = "2025-01-16T13:52:24.737Z" }
wheels = [
    { url = "https://files.pythonhosted.org/packages/fb/d7/1d5941a9dde095468b288d989ff6539dd69cd429dbf1b9e839013d21b6f0/opencv_python-4.11.0.86-cp37-abi3-win32.whl", hash = "sha256:810549cb2a4aedaa84ad9a1c92fbfdfc14090e2749cedf2c1589ad8359aa169b", size = 29384337, upload-time = "2025-01-16T13:52:13.549Z" },
    { url = "https://files.pythonhosted.org/packages/a4/7d/f1c30a92854540bf789e9cd5dde7ef49bbe63f855b85a2e6b3db8135c591/opencv_python-4.11.0.86-cp37-abi3-win_amd64.whl", hash = "sha256:085ad9b77c18853ea66283e98affefe2de8cc4c1f43eda4c100cf9b2721142ec", size = 39488044, upload-time = "2025-01-16T13:52:21.928Z" },
]

[[package]]
name = "packaging"
version = "25.0"
source = { registry = "https://pypi.org/simple" }
sdist = { url = "https://files.pythonhosted.org/packages/a1/d4/1fc4078c65507b51b96ca8f8c3ba19e6a61c8253c72794544580a7b6c24d/packaging-25.0.tar.gz", hash = "sha256:d443872c98d677bf60f6a1f2f8c1cb748e8fe762d2bf9d3148b5599295b0fc4f", size = 165727, upload-time = "2025-04-19T11:48:59.673Z" }
wheels = [
    { url = "https://files.pythonhosted.org/packages/20/12/38679034af332785aac8774540895e234f4d07f7545804097de4b666afd8/packaging-25.0-py3-none-any.whl", hash = "sha256:29572ef2b1f17581046b3a2227d5c611fb25ec70ca1ba8554b24b0e69331a484", size = 66469, upload-time = "2025-04-19T11:48:57.875Z" },
]

[[package]]
name = "pandas"
version = "2.3.1"
source = { registry = "https://pypi.org/simple" }
dependencies = [
    { name = "numpy", marker = "sys_platform == 'win32'" },
    { name = "python-dateutil", marker = "sys_platform == 'win32'" },
    { name = "pytz", marker = "sys_platform == 'win32'" },
    { name = "tzdata", marker = "sys_platform == 'win32'" },
]
sdist = { url = "https://files.pythonhosted.org/packages/d1/6f/75aa71f8a14267117adeeed5d21b204770189c0a0025acbdc03c337b28fc/pandas-2.3.1.tar.gz", hash = "sha256:0a95b9ac964fe83ce317827f80304d37388ea77616b1425f0ae41c9d2d0d7bb2", size = 4487493, upload-time = "2025-07-07T19:20:04.079Z" }
wheels = [
    { url = "https://files.pythonhosted.org/packages/c8/7b/bdcb1ed8fccb63d04bdb7635161d0ec26596d92c9d7a6cce964e7876b6c1/pandas-2.3.1-cp311-cp311-win_amd64.whl", hash = "sha256:b3cd4273d3cb3707b6fffd217204c52ed92859533e31dc03b7c5008aa933aaab", size = 11340212, upload-time = "2025-07-07T19:18:49.293Z" },
]

[[package]]
name = "pillow"
version = "11.3.0"
source = { registry = "https://pypi.org/simple" }
sdist = { url = "https://files.pythonhosted.org/packages/f3/0d/d0d6dea55cd152ce3d6767bb38a8fc10e33796ba4ba210cbab9354b6d238/pillow-11.3.0.tar.gz", hash = "sha256:3828ee7586cd0b2091b6209e5ad53e20d0649bbe87164a459d0676e035e8f523", size = 47113069, upload-time = "2025-07-01T09:16:30.666Z" }
wheels = [
    { url = "https://files.pythonhosted.org/packages/48/59/8cd06d7f3944cc7d892e8533c56b0acb68399f640786313275faec1e3b6f/pillow-11.3.0-cp311-cp311-win32.whl", hash = "sha256:b4b8f3efc8d530a1544e5962bd6b403d5f7fe8b9e08227c6b255f98ad82b4ba0", size = 6274768, upload-time = "2025-07-01T09:14:11.921Z" },
    { url = "https://files.pythonhosted.org/packages/f1/cc/29c0f5d64ab8eae20f3232da8f8571660aa0ab4b8f1331da5c2f5f9a938e/pillow-11.3.0-cp311-cp311-win_amd64.whl", hash = "sha256:1a992e86b0dd7aeb1f053cd506508c0999d710a8f07b4c791c63843fc6a807ac", size = 6986055, upload-time = "2025-07-01T09:14:13.623Z" },
    { url = "https://files.pythonhosted.org/packages/c6/df/90bd886fabd544c25addd63e5ca6932c86f2b701d5da6c7839387a076b4a/pillow-11.3.0-cp311-cp311-win_arm64.whl", hash = "sha256:30807c931ff7c095620fe04448e2c2fc673fcbb1ffe2a7da3fb39613489b1ddd", size = 2423079, upload-time = "2025-07-01T09:14:15.268Z" },
    { url = "https://files.pythonhosted.org/packages/34/e7/ae39f538fd6844e982063c3a5e4598b8ced43b9633baa3a85ef33af8c05c/pillow-11.3.0-pp311-pypy311_pp73-win_amd64.whl", hash = "sha256:c84d689db21a1c397d001aa08241044aa2069e7587b398c8cc63020390b1c1b8", size = 6984598, upload-time = "2025-07-01T09:16:27.732Z" },
]

[[package]]
name = "psutil"
version = "7.0.0"
source = { registry = "https://pypi.org/simple" }
sdist = { url = "https://files.pythonhosted.org/packages/2a/80/336820c1ad9286a4ded7e845b2eccfcb27851ab8ac6abece774a6ff4d3de/psutil-7.0.0.tar.gz", hash = "sha256:7be9c3eba38beccb6495ea33afd982a44074b78f28c434a1f51cc07fd315c456", size = 497003, upload-time = "2025-02-13T21:54:07.946Z" }
wheels = [
    { url = "https://files.pythonhosted.org/packages/50/e6/eecf58810b9d12e6427369784efe814a1eec0f492084ce8eb8f4d89d6d61/psutil-7.0.0-cp37-abi3-win32.whl", hash = "sha256:ba3fcef7523064a6c9da440fc4d6bd07da93ac726b5733c29027d7dc95b39d99", size = 241053, upload-time = "2025-02-13T21:54:34.31Z" },
    { url = "https://files.pythonhosted.org/packages/50/1b/6921afe68c74868b4c9fa424dad3be35b095e16687989ebbb50ce4fceb7c/psutil-7.0.0-cp37-abi3-win_amd64.whl", hash = "sha256:4cf3d4eb1aa9b348dec30105c55cd9b7d4629285735a102beb4441e38db90553", size = 244885, upload-time = "2025-02-13T21:54:37.486Z" },
]

[[package]]
name = "py-cpuinfo"
version = "9.0.0"
source = { registry = "https://pypi.org/simple" }
sdist = { url = "https://files.pythonhosted.org/packages/37/a8/d832f7293ebb21690860d2e01d8115e5ff6f2ae8bbdc953f0eb0fa4bd2c7/py-cpuinfo-9.0.0.tar.gz", hash = "sha256:3cdbbf3fac90dc6f118bfd64384f309edeadd902d7c8fb17f02ffa1fc3f49690", size = 104716, upload-time = "2022-10-25T20:38:06.303Z" }
wheels = [
    { url = "https://files.pythonhosted.org/packages/e0/a9/023730ba63db1e494a271cb018dcd361bd2c917ba7004c3e49d5daf795a2/py_cpuinfo-9.0.0-py3-none-any.whl", hash = "sha256:859625bc251f64e21f077d099d4162689c762b5d6a4c3c97553d56241c9674d5", size = 22335, upload-time = "2022-10-25T20:38:27.636Z" },
]

[[package]]
name = "pyparsing"
version = "3.2.3"
source = { registry = "https://pypi.org/simple" }
sdist = { url = "https://files.pythonhosted.org/packages/bb/22/f1129e69d94ffff626bdb5c835506b3a5b4f3d070f17ea295e12c2c6f60f/pyparsing-3.2.3.tar.gz", hash = "sha256:b9c13f1ab8b3b542f72e28f634bad4de758ab3ce4546e4301970ad6fa77c38be", size = 1088608, upload-time = "2025-03-25T05:01:28.114Z" }
wheels = [
    { url = "https://files.pythonhosted.org/packages/05/e7/df2285f3d08fee213f2d041540fa4fc9ca6c2d44cf36d3a035bf2a8d2bcc/pyparsing-3.2.3-py3-none-any.whl", hash = "sha256:a749938e02d6fd0b59b356ca504a24982314bb090c383e3cf201c95ef7e2bfcf", size = 111120, upload-time = "2025-03-25T05:01:24.908Z" },
]

[[package]]
name = "pyrealsense2"
version = "2.56.5.9235"
source = { registry = "https://pypi.org/simple" }
wheels = [
    { url = "https://files.pythonhosted.org/packages/c7/c7/c609730c3587c395c3097a98c2d856914997454967bea07b3f8849c4af03/pyrealsense2-2.56.5.9235-cp311-cp311-win_amd64.whl", hash = "sha256:7761f610876c0d0039c9dff71f28ae7e73c77f353f1f3b60fb083350d6acf280", size = 7801923, upload-time = "2025-07-28T14:59:24.986Z" },
]

[[package]]
name = "python-dateutil"
version = "2.9.0.post0"
source = { registry = "https://pypi.org/simple" }
dependencies = [
    { name = "six", marker = "sys_platform == 'win32'" },
]
sdist = { url = "https://files.pythonhosted.org/packages/66/c0/0c8b6ad9f17a802ee498c46e004a0eb49bc148f2fd230864601a86dcf6db/python-dateutil-2.9.0.post0.tar.gz", hash = "sha256:37dd54208da7e1cd875388217d5e00ebd4179249f90fb72437e91a35459a0ad3", size = 342432, upload-time = "2024-03-01T18:36:20.211Z" }
wheels = [
    { url = "https://files.pythonhosted.org/packages/ec/57/56b9bcc3c9c6a792fcbaf139543cee77261f3651ca9da0c93f5c1221264b/python_dateutil-2.9.0.post0-py2.py3-none-any.whl", hash = "sha256:a8b2bc7bffae282281c8140a97d3aa9c14da0b136dfe83f850eea9a5f7470427", size = 229892, upload-time = "2024-03-01T18:36:18.57Z" },
]

[[package]]
name = "pytz"
version = "2025.2"
source = { registry = "https://pypi.org/simple" }
sdist = { url = "https://files.pythonhosted.org/packages/f8/bf/abbd3cdfb8fbc7fb3d4d38d320f2441b1e7cbe29be4f23797b4a2b5d8aac/pytz-2025.2.tar.gz", hash = "sha256:360b9e3dbb49a209c21ad61809c7fb453643e048b38924c765813546746e81c3", size = 320884, upload-time = "2025-03-25T02:25:00.538Z" }
wheels = [
    { url = "https://files.pythonhosted.org/packages/81/c4/34e93fe5f5429d7570ec1fa436f1986fb1f00c3e0f43a589fe2bbcd22c3f/pytz-2025.2-py2.py3-none-any.whl", hash = "sha256:5ddf76296dd8c44c26eb8f4b6f35488f3ccbf6fbbd7adee0b7262d43f0ec2f00", size = 509225, upload-time = "2025-03-25T02:24:58.468Z" },
]

[[package]]
name = "pyyaml"
version = "6.0.2"
source = { registry = "https://pypi.org/simple" }
sdist = { url = "https://files.pythonhosted.org/packages/54/ed/79a089b6be93607fa5cdaedf301d7dfb23af5f25c398d5ead2525b063e17/pyyaml-6.0.2.tar.gz", hash = "sha256:d584d9ec91ad65861cc08d42e834324ef890a082e591037abe114850ff7bbc3e", size = 130631, upload-time = "2024-08-06T20:33:50.674Z" }
wheels = [
    { url = "https://files.pythonhosted.org/packages/22/5f/956f0f9fc65223a58fbc14459bf34b4cc48dec52e00535c79b8db361aabd/PyYAML-6.0.2-cp311-cp311-win32.whl", hash = "sha256:11d8f3dd2b9c1207dcaf2ee0bbbfd5991f571186ec9cc78427ba5bd32afae4b5", size = 143850, upload-time = "2024-08-06T20:32:19.889Z" },
    { url = "https://files.pythonhosted.org/packages/ed/23/8da0bbe2ab9dcdd11f4f4557ccaf95c10b9811b13ecced089d43ce59c3c8/PyYAML-6.0.2-cp311-cp311-win_amd64.whl", hash = "sha256:e10ce637b18caea04431ce14fabcf5c64a1c61ec9c56b071a4b7ca131ca52d44", size = 161980, upload-time = "2024-08-06T20:32:21.273Z" },
]

[[package]]
name = "requests"
version = "2.32.4"
source = { registry = "https://pypi.org/simple" }
dependencies = [
    { name = "certifi", marker = "sys_platform == 'win32'" },
    { name = "charset-normalizer", marker = "sys_platform == 'win32'" },
    { name = "idna", marker = "sys_platform == 'win32'" },
    { name = "urllib3", marker = "sys_platform == 'win32'" },
]
sdist = { url = "https://files.pythonhosted.org/packages/e1/0a/929373653770d8a0d7ea76c37de6e41f11eb07559b103b1c02cafb3f7cf8/requests-2.32.4.tar.gz", hash = "sha256:27d0316682c8a29834d3264820024b62a36942083d52caf2f14c0591336d3422", size = 135258, upload-time = "2025-06-09T16:43:07.34Z" }
wheels = [
    { url = "https://files.pythonhosted.org/packages/7c/e4/56027c4a6b4ae70ca9de302488c5ca95ad4a39e190093d6c1a8ace08341b/requests-2.32.4-py3-none-any.whl", hash = "sha256:27babd3cda2a6d50b30443204ee89830707d396671944c998b5975b031ac2b2c", size = 64847, upload-time = "2025-06-09T16:43:05.728Z" },
]

[[package]]
name = "reusepython"
version = "0.1.0"
source = { virtual = "." }
dependencies = [
    { name = "cython", marker = "sys_platform == 'win32'" },
    { name = "pyrealsense2", marker = "sys_platform == 'win32'" },
    { name = "ultralytics", marker = "sys_platform == 'win32'" },
]

[package.metadata]
requires-dist = [
    { name = "cython", specifier = ">=3.1.2" },
    { name = "pyrealsense2", specifier = ">=2.56.5.9235" },
    { name = "ultralytics", specifier = ">=8.3.177" },
]

[[package]]
name = "scipy"
version = "1.16.1"
source = { registry = "https://pypi.org/simple" }
dependencies = [
    { name = "numpy", marker = "sys_platform == 'win32'" },
]
sdist = { url = "https://files.pythonhosted.org/packages/f5/4a/b927028464795439faec8eaf0b03b011005c487bb2d07409f28bf30879c4/scipy-1.16.1.tar.gz", hash = "sha256:44c76f9e8b6e8e488a586190ab38016e4ed2f8a038af7cd3defa903c0a2238b3", size = 30580861, upload-time = "2025-07-27T16:33:30.834Z" }
wheels = [
    { url = "https://files.pythonhosted.org/packages/c4/94/994369978509f227cba7dfb9e623254d0d5559506fe994aef4bea3ed469c/scipy-1.16.1-cp311-cp311-win_amd64.whl", hash = "sha256:226652fca853008119c03a8ce71ffe1b3f6d2844cc1686e8f9806edafae68596", size = 38644572, upload-time = "2025-07-27T16:27:32.637Z" },
]

[[package]]
name = "six"
version = "1.17.0"
source = { registry = "https://pypi.org/simple" }
sdist = { url = "https://files.pythonhosted.org/packages/94/e7/b2c673351809dca68a0e064b6af791aa332cf192da575fd474ed7d6f16a2/six-1.17.0.tar.gz", hash = "sha256:ff70335d468e7eb6ec65b95b99d3a2836546063f63acc5171de367e834932a81", size = 34031, upload-time = "2024-12-04T17:35:28.174Z" }
wheels = [
    { url = "https://files.pythonhosted.org/packages/b7/ce/149a00dd41f10bc29e5921b496af8b574d8413afcd5e30dfa0ed46c2cc5e/six-1.17.0-py2.py3-none-any.whl", hash = "sha256:4721f391ed90541fddacab5acf947aa0d3dc7d27b2e1e8eda2be8970586c3274", size = 11050, upload-time = "2024-12-04T17:35:26.475Z" },
]

[[package]]
name = "sympy"
version = "1.14.0"
source = { registry = "https://pypi.org/simple" }
dependencies = [
    { name = "mpmath", marker = "sys_platform == 'win32'" },
]
sdist = { url = "https://files.pythonhosted.org/packages/83/d3/803453b36afefb7c2bb238361cd4ae6125a569b4db67cd9e79846ba2d68c/sympy-1.14.0.tar.gz", hash = "sha256:d3d3fe8df1e5a0b42f0e7bdf50541697dbe7d23746e894990c030e2b05e72517", size = 7793921, upload-time = "2025-04-27T18:05:01.611Z" }
wheels = [
    { url = "https://files.pythonhosted.org/packages/a2/09/77d55d46fd61b4a135c444fc97158ef34a095e5681d0a6c10b75bf356191/sympy-1.14.0-py3-none-any.whl", hash = "sha256:e091cc3e99d2141a0ba2847328f5479b05d94a6635cb96148ccb3f34671bd8f5", size = 6299353, upload-time = "2025-04-27T18:04:59.103Z" },
]

[[package]]
name = "torch"
version = "2.8.0"
source = { registry = "https://pypi.org/simple" }
dependencies = [
    { name = "filelock", marker = "sys_platform == 'win32'" },
    { name = "fsspec", marker = "sys_platform == 'win32'" },
    { name = "jinja2", marker = "sys_platform == 'win32'" },
    { name = "networkx", marker = "sys_platform == 'win32'" },
    { name = "sympy", marker = "sys_platform == 'win32'" },
    { name = "typing-extensions", marker = "sys_platform == 'win32'" },
]
wheels = [
    { url = "https://files.pythonhosted.org/packages/84/57/2f64161769610cf6b1c5ed782bd8a780e18a3c9d48931319f2887fa9d0b1/torch-2.8.0-cp311-cp311-win_amd64.whl", hash = "sha256:8c7ef765e27551b2fbfc0f41bcf270e1292d9bf79f8e0724848b1682be6e80aa", size = 241366752, upload-time = "2025-08-06T14:53:38.692Z" },
]

[[package]]
name = "torchvision"
version = "0.23.0"
source = { registry = "https://pypi.org/simple" }
dependencies = [
    { name = "numpy", marker = "sys_platform == 'win32'" },
    { name = "pillow", marker = "sys_platform == 'win32'" },
    { name = "torch", marker = "sys_platform == 'win32'" },
]
wheels = [
    { url = "https://files.pythonhosted.org/packages/93/40/3415d890eb357b25a8e0a215d32365a88ecc75a283f75c4e919024b22d97/torchvision-0.23.0-cp311-cp311-win_amd64.whl", hash = "sha256:09bfde260e7963a15b80c9e442faa9f021c7e7f877ac0a36ca6561b367185013", size = 1600741, upload-time = "2025-08-06T14:57:59.158Z" },
]

[[package]]
name = "tqdm"
version = "4.67.1"
source = { registry = "https://pypi.org/simple" }
dependencies = [
    { name = "colorama", marker = "sys_platform == 'win32'" },
]
sdist = { url = "https://files.pythonhosted.org/packages/a8/4b/29b4ef32e036bb34e4ab51796dd745cdba7ed47ad142a9f4a1eb8e0c744d/tqdm-4.67.1.tar.gz", hash = "sha256:f8aef9c52c08c13a65f30ea34f4e5aac3fd1a34959879d7e59e63027286627f2", size = 169737, upload-time = "2024-11-24T20:12:22.481Z" }
wheels = [
    { url = "https://files.pythonhosted.org/packages/d0/30/dc54f88dd4a2b5dc8a0279bdd7270e735851848b762aeb1c1184ed1f6b14/tqdm-4.67.1-py3-none-any.whl", hash = "sha256:26445eca388f82e72884e0d580d5464cd801a3ea01e63e5601bdff9ba6a48de2", size = 78540, upload-time = "2024-11-24T20:12:19.698Z" },
]

[[package]]
name = "typing-extensions"
version = "4.14.1"
source = { registry = "https://pypi.org/simple" }
sdist = { url = "https://files.pythonhosted.org/packages/98/5a/da40306b885cc8c09109dc2e1abd358d5684b1425678151cdaed4731c822/typing_extensions-4.14.1.tar.gz", hash = "sha256:38b39f4aeeab64884ce9f74c94263ef78f3c22467c8724005483154c26648d36", size = 107673, upload-time = "2025-07-04T13:28:34.16Z" }
wheels = [
    { url = "https://files.pythonhosted.org/packages/b5/00/d631e67a838026495268c2f6884f3711a15a9a2a96cd244fdaea53b823fb/typing_extensions-4.14.1-py3-none-any.whl", hash = "sha256:d1e1e3b58374dc93031d6eda2420a48ea44a36c2b4766a4fdeb3710755731d76", size = 43906, upload-time = "2025-07-04T13:28:32.743Z" },
]

[[package]]
name = "tzdata"
version = "2025.2"
source = { registry = "https://pypi.org/simple" }
sdist = { url = "https://files.pythonhosted.org/packages/95/32/1a225d6164441be760d75c2c42e2780dc0873fe382da3e98a2e1e48361e5/tzdata-2025.2.tar.gz", hash = "sha256:b60a638fcc0daffadf82fe0f57e53d06bdec2f36c4df66280ae79bce6bd6f2b9", size = 196380, upload-time = "2025-03-23T13:54:43.652Z" }
wheels = [
    { url = "https://files.pythonhosted.org/packages/5c/23/c7abc0ca0a1526a0774eca151daeb8de62ec457e77262b66b359c3c7679e/tzdata-2025.2-py2.py3-none-any.whl", hash = "sha256:1a403fada01ff9221ca8044d701868fa132215d84beb92242d9acd2147f667a8", size = 347839, upload-time = "2025-03-23T13:54:41.845Z" },
]

[[package]]
name = "ultralytics"
version = "8.3.177"
source = { registry = "https://pypi.org/simple" }
dependencies = [
    { name = "matplotlib", marker = "sys_platform == 'win32'" },
    { name = "numpy", marker = "sys_platform == 'win32'" },
    { name = "opencv-python", marker = "sys_platform == 'win32'" },
    { name = "pandas", marker = "sys_platform == 'win32'" },
    { name = "pillow", marker = "sys_platform == 'win32'" },
    { name = "psutil", marker = "sys_platform == 'win32'" },
    { name = "py-cpuinfo", marker = "sys_platform == 'win32'" },
    { name = "pyyaml", marker = "sys_platform == 'win32'" },
    { name = "requests", marker = "sys_platform == 'win32'" },
    { name = "scipy", marker = "sys_platform == 'win32'" },
    { name = "torch", marker = "sys_platform == 'win32'" },
    { name = "torchvision", marker = "sys_platform == 'win32'" },
    { name = "tqdm", marker = "sys_platform == 'win32'" },
    { name = "ultralytics-thop", marker = "sys_platform == 'win32'" },
]
sdist = { url = "https://files.pythonhosted.org/packages/06/5d/08be11bc794426ada3a84f82fc9506befea0aa02a15d081ed400d5d8eb1d/ultralytics-8.3.177.tar.gz", hash = "sha256:76f371f1a79345ee84c92f423d777bd3977f12925e157f0824c69ad03a6e54f1", size = 895192, upload-time = "2025-08-11T10:47:43.508Z" }
wheels = [
    { url = "https://files.pythonhosted.org/packages/81/0a/fdd0ae6f0b5a452f57fa0ff41d4401f3bdaa562a307879f1bc41f69c74d9/ultralytics-8.3.177-py3-none-any.whl", hash = "sha256:04075fa17deb8307cdef18e22213ff95e4db05c4a6620e9c2975aa7e8467fb60", size = 1042671, upload-time = "2025-08-11T10:47:41.183Z" },
]

[[package]]
name = "ultralytics-thop"
version = "2.0.15"
source = { registry = "https://pypi.org/simple" }
dependencies = [
    { name = "numpy", marker = "sys_platform == 'win32'" },
    { name = "torch", marker = "sys_platform == 'win32'" },
]
sdist = { url = "https://files.pythonhosted.org/packages/e3/1e/cb9e0f59788a93a733b1f9ff182201db2b5bd036303b5b4f423743100b81/ultralytics_thop-2.0.15.tar.gz", hash = "sha256:1bcf05dc0172045ce3da289f9125b36f999f5225596cb69fe12e09e139896e41", size = 33036, upload-time = "2025-08-04T07:51:37.94Z" }
wheels = [
    { url = "https://files.pythonhosted.org/packages/01/9b/155181b98afe9f97e12bd1a7194778c77f3781450c57d6d18a07a878da19/ultralytics_thop-2.0.15-py3-none-any.whl", hash = "sha256:d643e074754c154a4cb8e97190f00ce57c999b8b6e756d780d730dc3a1e51ef6", size = 28657, upload-time = "2025-08-04T07:51:36.434Z" },
]

[[package]]
name = "urllib3"
version = "2.5.0"
source = { registry = "https://pypi.org/simple" }
sdist = { url = "https://files.pythonhosted.org/packages/15/22/9ee70a2574a4f4599c47dd506532914ce044817c7752a79b6a51286319bc/urllib3-2.5.0.tar.gz", hash = "sha256:3fc47733c7e419d4bc3f6b3dc2b4f890bb743906a30d56ba4a5bfa4bbff92760", size = 393185, upload-time = "2025-06-18T14:07:41.644Z" }
wheels = [
    { url = "https://files.pythonhosted.org/packages/a7/c2/fe1e52489ae3122415c51f387e221dd0773709bad6c6cdaa599e8a2c5185/urllib3-2.5.0-py3-none-any.whl", hash = "sha256:e6b01673c0fa6a13e374b50871808eb3bf7046c4b125b216f6bf1cc604cff0dc", size = 129795, upload-time = "2025-06-18T14:07:40.39Z" },
]
